// !$*UTF8*$!
{
	archiveVersion = 1;
	classes = {
	};
	objectVersion = 51;
	objects = {

/* Begin PBXBuildFile section */
		B2229A47242C32070081F4B7 /* Stats.swift in Sources */ = {isa = PBXBuildFile; fileRef = B2229A46242C32070081F4B7 /* Stats.swift */; };
		B2229A49242C366B0081F4B7 /* GoogleService-Info.plist in Resources */ = {isa = PBXBuildFile; fileRef = B2229A48242C366B0081F4B7 /* GoogleService-Info.plist */; };
		B2229A4A242C366B0081F4B7 /* GoogleService-Info.plist in Resources */ = {isa = PBXBuildFile; fileRef = B2229A48242C366B0081F4B7 /* GoogleService-Info.plist */; };
		B2282297247CB3F000C6CCBF /* InvitedGolferTableViewCell.swift in Sources */ = {isa = PBXBuildFile; fileRef = B2282296247CB3F000C6CCBF /* InvitedGolferTableViewCell.swift */; };
		B23247E2241B119900409AD1 /* ScoresheetViewLayout.swift in Sources */ = {isa = PBXBuildFile; fileRef = B23247E1241B119900409AD1 /* ScoresheetViewLayout.swift */; };
		B23247E4241B136C00409AD1 /* ScoresheetViewController.swift in Sources */ = {isa = PBXBuildFile; fileRef = B23247E3241B136C00409AD1 /* ScoresheetViewController.swift */; };
		B232B9FA241000BC00309FD9 /* GolfGame.swift in Sources */ = {isa = PBXBuildFile; fileRef = B232B9F9241000BC00309FD9 /* GolfGame.swift */; };
		B232BA00241001D600309FD9 /* PlayerScore.swift in Sources */ = {isa = PBXBuildFile; fileRef = B232B9FF241001D600309FD9 /* PlayerScore.swift */; };
		B232BA022410021100309FD9 /* Hole.swift in Sources */ = {isa = PBXBuildFile; fileRef = B232BA012410021100309FD9 /* Hole.swift */; };
		B232BA0424101D2A00309FD9 /* HoleScoreViewController.swift in Sources */ = {isa = PBXBuildFile; fileRef = B232BA0324101D2A00309FD9 /* HoleScoreViewController.swift */; };
		B2336DCF240EDEB500482D80 /* GolferScoreTableViewCell.swift in Sources */ = {isa = PBXBuildFile; fileRef = B2336DCE240EDEB500482D80 /* GolferScoreTableViewCell.swift */; };
		B2348D5B24141163003EBAE5 /* HoleScoreHelperViewController.swift in Sources */ = {isa = PBXBuildFile; fileRef = B2348D5A24141163003EBAE5 /* HoleScoreHelperViewController.swift */; };
		B236FC67240B04EF0011BF05 /* NewGolferTableViewCell.swift in Sources */ = {isa = PBXBuildFile; fileRef = B236FC66240B04EF0011BF05 /* NewGolferTableViewCell.swift */; };
		B236FC69240B06150011BF05 /* NewGameViewController.swift in Sources */ = {isa = PBXBuildFile; fileRef = B236FC68240B06150011BF05 /* NewGameViewController.swift */; };
		B238AEC1244949230082860E /* AccountViewController.swift in Sources */ = {isa = PBXBuildFile; fileRef = B238AEC0244949230082860E /* AccountViewController.swift */; };
		B23C1F0023FBBC1B00B7308A /* AppDelegate.swift in Sources */ = {isa = PBXBuildFile; fileRef = B23C1EFF23FBBC1B00B7308A /* AppDelegate.swift */; };
		B23C1F0223FBBC1B00B7308A /* SceneDelegate.swift in Sources */ = {isa = PBXBuildFile; fileRef = B23C1F0123FBBC1B00B7308A /* SceneDelegate.swift */; };
		B23C1F0723FBBC1B00B7308A /* Main.storyboard in Resources */ = {isa = PBXBuildFile; fileRef = B23C1F0523FBBC1B00B7308A /* Main.storyboard */; };
		B23C1F0923FBBC1C00B7308A /* Assets.xcassets in Resources */ = {isa = PBXBuildFile; fileRef = B23C1F0823FBBC1C00B7308A /* Assets.xcassets */; };
		B23C1F0C23FBBC1C00B7308A /* LaunchScreen.storyboard in Resources */ = {isa = PBXBuildFile; fileRef = B23C1F0A23FBBC1C00B7308A /* LaunchScreen.storyboard */; };
		B23C1F1723FBBC1C00B7308A /* SkinsTests.swift in Sources */ = {isa = PBXBuildFile; fileRef = B23C1F1623FBBC1C00B7308A /* SkinsTests.swift */; };
		B23C1F2223FBBD5900B7308A /* StartUpViewController.swift in Sources */ = {isa = PBXBuildFile; fileRef = B23C1F2123FBBD5900B7308A /* StartUpViewController.swift */; };
		B254AA3E2440E9CB00D4F382 /* SkinsUser.swift in Sources */ = {isa = PBXBuildFile; fileRef = B254AA3D2440E9CB00D4F382 /* SkinsUser.swift */; };
		B26AB396241FE226008DCC65 /* ScoresheetCollectionViewCell.swift in Sources */ = {isa = PBXBuildFile; fileRef = B26AB395241FE226008DCC65 /* ScoresheetCollectionViewCell.swift */; };
		B27A9E6A2412E6FE008AFD96 /* HolePageViewController.swift in Sources */ = {isa = PBXBuildFile; fileRef = B27A9E692412E6FE008AFD96 /* HolePageViewController.swift */; };
		B285E6E8245DF02D00FE41D6 /* StatsViewController.swift in Sources */ = {isa = PBXBuildFile; fileRef = B285E6E7245DF02D00FE41D6 /* StatsViewController.swift */; };
		B2F1689D248DE5E400B7A5DC /* FriendsListTableViewController.swift in Sources */ = {isa = PBXBuildFile; fileRef = B2F1689C248DE5E400B7A5DC /* FriendsListTableViewController.swift */; };
		B2F1689F248DEC4A00B7A5DC /* FirebaseHelper.swift in Sources */ = {isa = PBXBuildFile; fileRef = B2F1689E248DEC4A00B7A5DC /* FirebaseHelper.swift */; };
		B2F498BA2450D73600FB13FE /* SettingsViewController.swift in Sources */ = {isa = PBXBuildFile; fileRef = B2F498B92450D73600FB13FE /* SettingsViewController.swift */; };
		F2B03A4615567221C5892E33 /* Pods_Skins.framework in Frameworks */ = {isa = PBXBuildFile; fileRef = 1CFBE84E34BB9D9DCD07C413 /* Pods_Skins.framework */; };
		FC8A1E2250D3A0D0E3B5B711 /* Pods_SkinsTests.framework in Frameworks */ = {isa = PBXBuildFile; fileRef = 2116FDFB249CECA37E5C749A /* Pods_SkinsTests.framework */; };
/* End PBXBuildFile section */

/* Begin PBXContainerItemProxy section */
		B23C1F1323FBBC1C00B7308A /* PBXContainerItemProxy */ = {
			isa = PBXContainerItemProxy;
			containerPortal = B23C1EF423FBBC1B00B7308A /* Project object */;
			proxyType = 1;
			remoteGlobalIDString = B23C1EFB23FBBC1B00B7308A;
			remoteInfo = Skins;
		};
/* End PBXContainerItemProxy section */

/* Begin PBXFileReference section */
		1180B046BDA6BEA5A5C1991A /* Pods-SkinsTests.debug.xcconfig */ = {isa = PBXFileReference; includeInIndex = 1; lastKnownFileType = text.xcconfig; name = "Pods-SkinsTests.debug.xcconfig"; path = "Target Support Files/Pods-SkinsTests/Pods-SkinsTests.debug.xcconfig"; sourceTree = "<group>"; };
		1CFBE84E34BB9D9DCD07C413 /* Pods_Skins.framework */ = {isa = PBXFileReference; explicitFileType = wrapper.framework; includeInIndex = 0; path = Pods_Skins.framework; sourceTree = BUILT_PRODUCTS_DIR; };
		2116FDFB249CECA37E5C749A /* Pods_SkinsTests.framework */ = {isa = PBXFileReference; explicitFileType = wrapper.framework; includeInIndex = 0; path = Pods_SkinsTests.framework; sourceTree = BUILT_PRODUCTS_DIR; };
		73740C9CAEA496D6A779C2A5 /* Pods-Skins.debug.xcconfig */ = {isa = PBXFileReference; includeInIndex = 1; lastKnownFileType = text.xcconfig; name = "Pods-Skins.debug.xcconfig"; path = "Target Support Files/Pods-Skins/Pods-Skins.debug.xcconfig"; sourceTree = "<group>"; };
		B2229A46242C32070081F4B7 /* Stats.swift */ = {isa = PBXFileReference; lastKnownFileType = sourcecode.swift; path = Stats.swift; sourceTree = "<group>"; };
		B2229A48242C366B0081F4B7 /* GoogleService-Info.plist */ = {isa = PBXFileReference; fileEncoding = 4; lastKnownFileType = text.plist.xml; path = "GoogleService-Info.plist"; sourceTree = "<group>"; };
		B2282296247CB3F000C6CCBF /* InvitedGolferTableViewCell.swift */ = {isa = PBXFileReference; lastKnownFileType = sourcecode.swift; path = InvitedGolferTableViewCell.swift; sourceTree = "<group>"; };
		B23247E1241B119900409AD1 /* ScoresheetViewLayout.swift */ = {isa = PBXFileReference; lastKnownFileType = sourcecode.swift; name = ScoresheetViewLayout.swift; path = Skins/Views/ScoresheetViewLayout.swift; sourceTree = SOURCE_ROOT; };
		B23247E3241B136C00409AD1 /* ScoresheetViewController.swift */ = {isa = PBXFileReference; lastKnownFileType = sourcecode.swift; path = ScoresheetViewController.swift; sourceTree = "<group>"; };
		B232B9F9241000BC00309FD9 /* GolfGame.swift */ = {isa = PBXFileReference; lastKnownFileType = sourcecode.swift; path = GolfGame.swift; sourceTree = "<group>"; };
		B232B9FF241001D600309FD9 /* PlayerScore.swift */ = {isa = PBXFileReference; lastKnownFileType = sourcecode.swift; path = PlayerScore.swift; sourceTree = "<group>"; };
		B232BA012410021100309FD9 /* Hole.swift */ = {isa = PBXFileReference; lastKnownFileType = sourcecode.swift; path = Hole.swift; sourceTree = "<group>"; };
		B232BA0324101D2A00309FD9 /* HoleScoreViewController.swift */ = {isa = PBXFileReference; lastKnownFileType = sourcecode.swift; path = HoleScoreViewController.swift; sourceTree = "<group>"; };
		B2336DCE240EDEB500482D80 /* GolferScoreTableViewCell.swift */ = {isa = PBXFileReference; lastKnownFileType = sourcecode.swift; path = GolferScoreTableViewCell.swift; sourceTree = "<group>"; };
		B2348D5A24141163003EBAE5 /* HoleScoreHelperViewController.swift */ = {isa = PBXFileReference; lastKnownFileType = sourcecode.swift; path = HoleScoreHelperViewController.swift; sourceTree = "<group>"; };
		B236FC66240B04EF0011BF05 /* NewGolferTableViewCell.swift */ = {isa = PBXFileReference; lastKnownFileType = sourcecode.swift; path = NewGolferTableViewCell.swift; sourceTree = "<group>"; };
		B236FC68240B06150011BF05 /* NewGameViewController.swift */ = {isa = PBXFileReference; lastKnownFileType = sourcecode.swift; path = NewGameViewController.swift; sourceTree = "<group>"; };
		B238AEC0244949230082860E /* AccountViewController.swift */ = {isa = PBXFileReference; lastKnownFileType = sourcecode.swift; path = AccountViewController.swift; sourceTree = "<group>"; };
		B23C1EFC23FBBC1B00B7308A /* Skins.app */ = {isa = PBXFileReference; explicitFileType = wrapper.application; includeInIndex = 0; path = Skins.app; sourceTree = BUILT_PRODUCTS_DIR; };
		B23C1EFF23FBBC1B00B7308A /* AppDelegate.swift */ = {isa = PBXFileReference; lastKnownFileType = sourcecode.swift; path = AppDelegate.swift; sourceTree = "<group>"; };
		B23C1F0123FBBC1B00B7308A /* SceneDelegate.swift */ = {isa = PBXFileReference; lastKnownFileType = sourcecode.swift; path = SceneDelegate.swift; sourceTree = "<group>"; };
		B23C1F0623FBBC1B00B7308A /* Base */ = {isa = PBXFileReference; lastKnownFileType = file.storyboard; name = Base; path = Base.lproj/Main.storyboard; sourceTree = "<group>"; };
		B23C1F0823FBBC1C00B7308A /* Assets.xcassets */ = {isa = PBXFileReference; lastKnownFileType = folder.assetcatalog; path = Assets.xcassets; sourceTree = "<group>"; };
		B23C1F0B23FBBC1C00B7308A /* Base */ = {isa = PBXFileReference; lastKnownFileType = file.storyboard; name = Base; path = Base.lproj/LaunchScreen.storyboard; sourceTree = "<group>"; };
		B23C1F0D23FBBC1C00B7308A /* Info.plist */ = {isa = PBXFileReference; lastKnownFileType = text.plist.xml; path = Info.plist; sourceTree = "<group>"; };
		B23C1F1223FBBC1C00B7308A /* SkinsTests.xctest */ = {isa = PBXFileReference; explicitFileType = wrapper.cfbundle; includeInIndex = 0; path = SkinsTests.xctest; sourceTree = BUILT_PRODUCTS_DIR; };
		B23C1F1623FBBC1C00B7308A /* SkinsTests.swift */ = {isa = PBXFileReference; lastKnownFileType = sourcecode.swift; path = SkinsTests.swift; sourceTree = "<group>"; };
		B23C1F1823FBBC1C00B7308A /* Info.plist */ = {isa = PBXFileReference; lastKnownFileType = text.plist.xml; path = Info.plist; sourceTree = "<group>"; };
		B23C1F2123FBBD5900B7308A /* StartUpViewController.swift */ = {isa = PBXFileReference; lastKnownFileType = sourcecode.swift; path = StartUpViewController.swift; sourceTree = "<group>"; };
		B254AA3D2440E9CB00D4F382 /* SkinsUser.swift */ = {isa = PBXFileReference; lastKnownFileType = sourcecode.swift; name = SkinsUser.swift; path = Skins/Model/SkinsUser.swift; sourceTree = SOURCE_ROOT; };
		B26AB395241FE226008DCC65 /* ScoresheetCollectionViewCell.swift */ = {isa = PBXFileReference; lastKnownFileType = sourcecode.swift; path = ScoresheetCollectionViewCell.swift; sourceTree = "<group>"; };
		B27A9E692412E6FE008AFD96 /* HolePageViewController.swift */ = {isa = PBXFileReference; lastKnownFileType = sourcecode.swift; path = HolePageViewController.swift; sourceTree = "<group>"; };
		B285E6E7245DF02D00FE41D6 /* StatsViewController.swift */ = {isa = PBXFileReference; lastKnownFileType = sourcecode.swift; path = StatsViewController.swift; sourceTree = "<group>"; };
		B2F1689C248DE5E400B7A5DC /* FriendsListTableViewController.swift */ = {isa = PBXFileReference; lastKnownFileType = sourcecode.swift; path = FriendsListTableViewController.swift; sourceTree = "<group>"; };
		B2F1689E248DEC4A00B7A5DC /* FirebaseHelper.swift */ = {isa = PBXFileReference; lastKnownFileType = sourcecode.swift; path = FirebaseHelper.swift; sourceTree = "<group>"; };
		B2F498B92450D73600FB13FE /* SettingsViewController.swift */ = {isa = PBXFileReference; lastKnownFileType = sourcecode.swift; path = SettingsViewController.swift; sourceTree = "<group>"; };
		D6B736F27A8DE710FD145AC2 /* Pods-Skins.release.xcconfig */ = {isa = PBXFileReference; includeInIndex = 1; lastKnownFileType = text.xcconfig; name = "Pods-Skins.release.xcconfig"; path = "Target Support Files/Pods-Skins/Pods-Skins.release.xcconfig"; sourceTree = "<group>"; };
		F3DBC2310428533357E25409 /* Pods-SkinsTests.release.xcconfig */ = {isa = PBXFileReference; includeInIndex = 1; lastKnownFileType = text.xcconfig; name = "Pods-SkinsTests.release.xcconfig"; path = "Target Support Files/Pods-SkinsTests/Pods-SkinsTests.release.xcconfig"; sourceTree = "<group>"; };
/* End PBXFileReference section */

/* Begin PBXFrameworksBuildPhase section */
		B23C1EF923FBBC1B00B7308A /* Frameworks */ = {
			isa = PBXFrameworksBuildPhase;
			buildActionMask = 2147483647;
			files = (
				F2B03A4615567221C5892E33 /* Pods_Skins.framework in Frameworks */,
			);
			runOnlyForDeploymentPostprocessing = 0;
		};
		B23C1F0F23FBBC1C00B7308A /* Frameworks */ = {
			isa = PBXFrameworksBuildPhase;
			buildActionMask = 2147483647;
			files = (
				FC8A1E2250D3A0D0E3B5B711 /* Pods_SkinsTests.framework in Frameworks */,
			);
			runOnlyForDeploymentPostprocessing = 0;
		};
/* End PBXFrameworksBuildPhase section */

/* Begin PBXGroup section */
		11514B8D4D8D36EF6B069432 /* Frameworks */ = {
			isa = PBXGroup;
			children = (
				1CFBE84E34BB9D9DCD07C413 /* Pods_Skins.framework */,
				2116FDFB249CECA37E5C749A /* Pods_SkinsTests.framework */,
			);
			name = Frameworks;
			sourceTree = "<group>";
		};
		3AE8BD75A883355492FA1A1E /* Pods */ = {
			isa = PBXGroup;
			children = (
				73740C9CAEA496D6A779C2A5 /* Pods-Skins.debug.xcconfig */,
				D6B736F27A8DE710FD145AC2 /* Pods-Skins.release.xcconfig */,
				1180B046BDA6BEA5A5C1991A /* Pods-SkinsTests.debug.xcconfig */,
				F3DBC2310428533357E25409 /* Pods-SkinsTests.release.xcconfig */,
			);
			path = Pods;
			sourceTree = "<group>";
		};
		B2336DCD240ED38D00482D80 /* Model */ = {
			isa = PBXGroup;
			children = (
				B232B9F9241000BC00309FD9 /* GolfGame.swift */,
				B232B9FF241001D600309FD9 /* PlayerScore.swift */,
				B232BA012410021100309FD9 /* Hole.swift */,
				B2229A46242C32070081F4B7 /* Stats.swift */,
				B254AA3D2440E9CB00D4F382 /* SkinsUser.swift */,
			);
			path = Model;
			sourceTree = "<group>";
		};
		B2348D5C24144068003EBAE5 /* Hole */ = {
			isa = PBXGroup;
			children = (
				B2348D5A24141163003EBAE5 /* HoleScoreHelperViewController.swift */,
				B27A9E692412E6FE008AFD96 /* HolePageViewController.swift */,
				B232BA0324101D2A00309FD9 /* HoleScoreViewController.swift */,
			);
			path = Hole;
			sourceTree = "<group>";
		};
		B236FC65240B04CE0011BF05 /* Cells */ = {
			isa = PBXGroup;
			children = (
				B2336DCE240EDEB500482D80 /* GolferScoreTableViewCell.swift */,
				B26AB395241FE226008DCC65 /* ScoresheetCollectionViewCell.swift */,
			);
			path = Cells;
			sourceTree = "<group>";
		};
		B23C1EF323FBBC1B00B7308A = {
			isa = PBXGroup;
			children = (
				B23C1EFE23FBBC1B00B7308A /* Skins */,
				B23C1F1523FBBC1C00B7308A /* SkinsTests */,
				B23C1EFD23FBBC1B00B7308A /* Products */,
				3AE8BD75A883355492FA1A1E /* Pods */,
				11514B8D4D8D36EF6B069432 /* Frameworks */,
			);
			sourceTree = "<group>";
		};
		B23C1EFD23FBBC1B00B7308A /* Products */ = {
			isa = PBXGroup;
			children = (
				B23C1EFC23FBBC1B00B7308A /* Skins.app */,
				B23C1F1223FBBC1C00B7308A /* SkinsTests.xctest */,
			);
			name = Products;
			sourceTree = "<group>";
		};
		B23C1EFE23FBBC1B00B7308A /* Skins */ = {
			isa = PBXGroup;
			children = (
				B2336DCD240ED38D00482D80 /* Model */,
				B23C1F2323FBBD6900B7308A /* Views */,
				B23C1EFF23FBBC1B00B7308A /* AppDelegate.swift */,
				B23C1F0123FBBC1B00B7308A /* SceneDelegate.swift */,
				B23C1F0823FBBC1C00B7308A /* Assets.xcassets */,
				B2F498BB2450D78B00FB13FE /* Storyboards */,
				B2F1689E248DEC4A00B7A5DC /* FirebaseHelper.swift */,
				B23C1F0D23FBBC1C00B7308A /* Info.plist */,
				B2229A48242C366B0081F4B7 /* GoogleService-Info.plist */,
			);
			path = Skins;
			sourceTree = "<group>";
		};
		B23C1F1523FBBC1C00B7308A /* SkinsTests */ = {
			isa = PBXGroup;
			children = (
				B23C1F1623FBBC1C00B7308A /* SkinsTests.swift */,
				B23C1F1823FBBC1C00B7308A /* Info.plist */,
			);
			path = SkinsTests;
			sourceTree = "<group>";
		};
		B23C1F2323FBBD6900B7308A /* Views */ = {
			isa = PBXGroup;
			children = (
				B2348D5C24144068003EBAE5 /* Hole */,
				B236FC65240B04CE0011BF05 /* Cells */,
				B2B67E472485A43C007EC84A /* Create Game */,
				B2F1689A248DE5AA00B7A5DC /* Friends */,
				B23C1F2123FBBD5900B7308A /* StartUpViewController.swift */,
				B23247E3241B136C00409AD1 /* ScoresheetViewController.swift */,
				B23247E1241B119900409AD1 /* ScoresheetViewLayout.swift */,
				B285E6E7245DF02D00FE41D6 /* StatsViewController.swift */,
				B2F1689B248DE5C000B7A5DC /* Settings */,
			);
			path = Views;
			sourceTree = "<group>";
		};
		B2B67E472485A43C007EC84A /* Create Game */ = {
			isa = PBXGroup;
			children = (
				B236FC68240B06150011BF05 /* NewGameViewController.swift */,
				B2B67E482485A459007EC84A /* Cells */,
			);
			path = "Create Game";
			sourceTree = "<group>";
		};
		B2B67E482485A459007EC84A /* Cells */ = {
			isa = PBXGroup;
			children = (
				B236FC66240B04EF0011BF05 /* NewGolferTableViewCell.swift */,
				B2282296247CB3F000C6CCBF /* InvitedGolferTableViewCell.swift */,
			);
			path = Cells;
			sourceTree = "<group>";
		};
		B2F1689A248DE5AA00B7A5DC /* Friends */ = {
			isa = PBXGroup;
			children = (
				B2F1689C248DE5E400B7A5DC /* FriendsListTableViewController.swift */,
			);
			path = Friends;
			sourceTree = "<group>";
		};
		B2F1689B248DE5C000B7A5DC /* Settings */ = {
			isa = PBXGroup;
			children = (
				B238AEC0244949230082860E /* AccountViewController.swift */,
				B2F498B92450D73600FB13FE /* SettingsViewController.swift */,
			);
			path = Settings;
			sourceTree = "<group>";
		};
		B2F498BB2450D78B00FB13FE /* Storyboards */ = {
			isa = PBXGroup;
			children = (
				B23C1F0523FBBC1B00B7308A /* Main.storyboard */,
				B23C1F0A23FBBC1C00B7308A /* LaunchScreen.storyboard */,
			);
			path = Storyboards;
			sourceTree = "<group>";
		};
/* End PBXGroup section */

/* Begin PBXNativeTarget section */
		B23C1EFB23FBBC1B00B7308A /* Skins */ = {
			isa = PBXNativeTarget;
			buildConfigurationList = B23C1F1B23FBBC1C00B7308A /* Build configuration list for PBXNativeTarget "Skins" */;
			buildPhases = (
				551B5E18EC3C9033987ABAE4 /* [CP] Check Pods Manifest.lock */,
				B23C1EF823FBBC1B00B7308A /* Sources */,
				B23C1EF923FBBC1B00B7308A /* Frameworks */,
				B23C1EFA23FBBC1B00B7308A /* Resources */,
				AD59EA60E8B54CEEAA5AA553 /* [CP] Embed Pods Frameworks */,
				646D58A852E7AD411634177E /* [CP] Copy Pods Resources */,
			);
			buildRules = (
			);
			dependencies = (
			);
			name = Skins;
			productName = Skins;
			productReference = B23C1EFC23FBBC1B00B7308A /* Skins.app */;
			productType = "com.apple.product-type.application";
		};
		B23C1F1123FBBC1C00B7308A /* SkinsTests */ = {
			isa = PBXNativeTarget;
			buildConfigurationList = B23C1F1E23FBBC1C00B7308A /* Build configuration list for PBXNativeTarget "SkinsTests" */;
			buildPhases = (
				A092053C863E47E49D408BE7 /* [CP] Check Pods Manifest.lock */,
				B23C1F0E23FBBC1C00B7308A /* Sources */,
				B23C1F0F23FBBC1C00B7308A /* Frameworks */,
				B23C1F1023FBBC1C00B7308A /* Resources */,
			);
			buildRules = (
			);
			dependencies = (
				B23C1F1423FBBC1C00B7308A /* PBXTargetDependency */,
			);
			name = SkinsTests;
			productName = SkinsTests;
			productReference = B23C1F1223FBBC1C00B7308A /* SkinsTests.xctest */;
			productType = "com.apple.product-type.bundle.unit-test";
		};
/* End PBXNativeTarget section */

/* Begin PBXProject section */
		B23C1EF423FBBC1B00B7308A /* Project object */ = {
			isa = PBXProject;
			attributes = {
				LastSwiftUpdateCheck = 1120;
				LastUpgradeCheck = 1120;
				ORGANIZATIONNAME = "Logan Kember";
				TargetAttributes = {
					B23C1EFB23FBBC1B00B7308A = {
						CreatedOnToolsVersion = 11.2.1;
					};
					B23C1F1123FBBC1C00B7308A = {
						CreatedOnToolsVersion = 11.2.1;
						TestTargetID = B23C1EFB23FBBC1B00B7308A;
					};
				};
			};
			buildConfigurationList = B23C1EF723FBBC1B00B7308A /* Build configuration list for PBXProject "Skins" */;
			compatibilityVersion = "Xcode 9.3";
			developmentRegion = en;
			hasScannedForEncodings = 0;
			knownRegions = (
				en,
				Base,
			);
			mainGroup = B23C1EF323FBBC1B00B7308A;
			productRefGroup = B23C1EFD23FBBC1B00B7308A /* Products */;
			projectDirPath = "";
			projectRoot = "";
			targets = (
				B23C1EFB23FBBC1B00B7308A /* Skins */,
				B23C1F1123FBBC1C00B7308A /* SkinsTests */,
			);
		};
/* End PBXProject section */

/* Begin PBXResourcesBuildPhase section */
		B23C1EFA23FBBC1B00B7308A /* Resources */ = {
			isa = PBXResourcesBuildPhase;
			buildActionMask = 2147483647;
			files = (
				B23C1F0C23FBBC1C00B7308A /* LaunchScreen.storyboard in Resources */,
				B2229A49242C366B0081F4B7 /* GoogleService-Info.plist in Resources */,
				B23C1F0923FBBC1C00B7308A /* Assets.xcassets in Resources */,
				B23C1F0723FBBC1B00B7308A /* Main.storyboard in Resources */,
			);
			runOnlyForDeploymentPostprocessing = 0;
		};
		B23C1F1023FBBC1C00B7308A /* Resources */ = {
			isa = PBXResourcesBuildPhase;
			buildActionMask = 2147483647;
			files = (
				B2229A4A242C366B0081F4B7 /* GoogleService-Info.plist in Resources */,
			);
			runOnlyForDeploymentPostprocessing = 0;
		};
/* End PBXResourcesBuildPhase section */

/* Begin PBXShellScriptBuildPhase section */
		551B5E18EC3C9033987ABAE4 /* [CP] Check Pods Manifest.lock */ = {
			isa = PBXShellScriptBuildPhase;
			buildActionMask = 2147483647;
			files = (
			);
			inputFileListPaths = (
			);
			inputPaths = (
				"${PODS_PODFILE_DIR_PATH}/Podfile.lock",
				"${PODS_ROOT}/Manifest.lock",
			);
			name = "[CP] Check Pods Manifest.lock";
			outputFileListPaths = (
			);
			outputPaths = (
				"$(DERIVED_FILE_DIR)/Pods-Skins-checkManifestLockResult.txt",
			);
			runOnlyForDeploymentPostprocessing = 0;
			shellPath = /bin/sh;
			shellScript = "diff \"${PODS_PODFILE_DIR_PATH}/Podfile.lock\" \"${PODS_ROOT}/Manifest.lock\" > /dev/null\nif [ $? != 0 ] ; then\n    # print error to STDERR\n    echo \"error: The sandbox is not in sync with the Podfile.lock. Run 'pod install' or update your CocoaPods installation.\" >&2\n    exit 1\nfi\n# This output is used by Xcode 'outputs' to avoid re-running this script phase.\necho \"SUCCESS\" > \"${SCRIPT_OUTPUT_FILE_0}\"\n";
			showEnvVarsInLog = 0;
		};
		646D58A852E7AD411634177E /* [CP] Copy Pods Resources */ = {
			isa = PBXShellScriptBuildPhase;
			buildActionMask = 2147483647;
			files = (
			);
			inputFileListPaths = (
				"${PODS_ROOT}/Target Support Files/Pods-Skins/Pods-Skins-resources-${CONFIGURATION}-input-files.xcfilelist",
			);
			name = "[CP] Copy Pods Resources";
			outputFileListPaths = (
				"${PODS_ROOT}/Target Support Files/Pods-Skins/Pods-Skins-resources-${CONFIGURATION}-output-files.xcfilelist",
			);
			runOnlyForDeploymentPostprocessing = 0;
			shellPath = /bin/sh;
			shellScript = "\"${PODS_ROOT}/Target Support Files/Pods-Skins/Pods-Skins-resources.sh\"\n";
			showEnvVarsInLog = 0;
		};
		A092053C863E47E49D408BE7 /* [CP] Check Pods Manifest.lock */ = {
			isa = PBXShellScriptBuildPhase;
			buildActionMask = 2147483647;
			files = (
			);
			inputFileListPaths = (
			);
			inputPaths = (
				"${PODS_PODFILE_DIR_PATH}/Podfile.lock",
				"${PODS_ROOT}/Manifest.lock",
			);
			name = "[CP] Check Pods Manifest.lock";
			outputFileListPaths = (
			);
			outputPaths = (
				"$(DERIVED_FILE_DIR)/Pods-SkinsTests-checkManifestLockResult.txt",
			);
			runOnlyForDeploymentPostprocessing = 0;
			shellPath = /bin/sh;
			shellScript = "diff \"${PODS_PODFILE_DIR_PATH}/Podfile.lock\" \"${PODS_ROOT}/Manifest.lock\" > /dev/null\nif [ $? != 0 ] ; then\n    # print error to STDERR\n    echo \"error: The sandbox is not in sync with the Podfile.lock. Run 'pod install' or update your CocoaPods installation.\" >&2\n    exit 1\nfi\n# This output is used by Xcode 'outputs' to avoid re-running this script phase.\necho \"SUCCESS\" > \"${SCRIPT_OUTPUT_FILE_0}\"\n";
			showEnvVarsInLog = 0;
		};
		AD59EA60E8B54CEEAA5AA553 /* [CP] Embed Pods Frameworks */ = {
			isa = PBXShellScriptBuildPhase;
			buildActionMask = 2147483647;
			files = (
			);
			inputFileListPaths = (
				"${PODS_ROOT}/Target Support Files/Pods-Skins/Pods-Skins-frameworks-${CONFIGURATION}-input-files.xcfilelist",
			);
			name = "[CP] Embed Pods Frameworks";
			outputFileListPaths = (
				"${PODS_ROOT}/Target Support Files/Pods-Skins/Pods-Skins-frameworks-${CONFIGURATION}-output-files.xcfilelist",
			);
			runOnlyForDeploymentPostprocessing = 0;
			shellPath = /bin/sh;
			shellScript = "\"${PODS_ROOT}/Target Support Files/Pods-Skins/Pods-Skins-frameworks.sh\"\n";
			showEnvVarsInLog = 0;
		};
/* End PBXShellScriptBuildPhase section */

/* Begin PBXSourcesBuildPhase section */
		B23C1EF823FBBC1B00B7308A /* Sources */ = {
			isa = PBXSourcesBuildPhase;
			buildActionMask = 2147483647;
			files = (
				B23C1F0023FBBC1B00B7308A /* AppDelegate.swift in Sources */,
				B23C1F2223FBBD5900B7308A /* StartUpViewController.swift in Sources */,
				B232B9FA241000BC00309FD9 /* GolfGame.swift in Sources */,
				B2282297247CB3F000C6CCBF /* InvitedGolferTableViewCell.swift in Sources */,
				B27A9E6A2412E6FE008AFD96 /* HolePageViewController.swift in Sources */,
				B2F1689D248DE5E400B7A5DC /* FriendsListTableViewController.swift in Sources */,
				B236FC69240B06150011BF05 /* NewGameViewController.swift in Sources */,
				B2F498BA2450D73600FB13FE /* SettingsViewController.swift in Sources */,
				B2229A47242C32070081F4B7 /* Stats.swift in Sources */,
				B23247E2241B119900409AD1 /* ScoresheetViewLayout.swift in Sources */,
				B2336DCF240EDEB500482D80 /* GolferScoreTableViewCell.swift in Sources */,
				B238AEC1244949230082860E /* AccountViewController.swift in Sources */,
				B254AA3E2440E9CB00D4F382 /* SkinsUser.swift in Sources */,
				B23C1F0223FBBC1B00B7308A /* SceneDelegate.swift in Sources */,
				B236FC67240B04EF0011BF05 /* NewGolferTableViewCell.swift in Sources */,
				B232BA00241001D600309FD9 /* PlayerScore.swift in Sources */,
				B2348D5B24141163003EBAE5 /* HoleScoreHelperViewController.swift in Sources */,
				B232BA022410021100309FD9 /* Hole.swift in Sources */,
				B232BA0424101D2A00309FD9 /* HoleScoreViewController.swift in Sources */,
				B26AB396241FE226008DCC65 /* ScoresheetCollectionViewCell.swift in Sources */,
				B2F1689F248DEC4A00B7A5DC /* FirebaseHelper.swift in Sources */,
				B285E6E8245DF02D00FE41D6 /* StatsViewController.swift in Sources */,
				B23247E4241B136C00409AD1 /* ScoresheetViewController.swift in Sources */,
			);
			runOnlyForDeploymentPostprocessing = 0;
		};
		B23C1F0E23FBBC1C00B7308A /* Sources */ = {
			isa = PBXSourcesBuildPhase;
			buildActionMask = 2147483647;
			files = (
				B23C1F1723FBBC1C00B7308A /* SkinsTests.swift in Sources */,
			);
			runOnlyForDeploymentPostprocessing = 0;
		};
/* End PBXSourcesBuildPhase section */

/* Begin PBXTargetDependency section */
		B23C1F1423FBBC1C00B7308A /* PBXTargetDependency */ = {
			isa = PBXTargetDependency;
			target = B23C1EFB23FBBC1B00B7308A /* Skins */;
			targetProxy = B23C1F1323FBBC1C00B7308A /* PBXContainerItemProxy */;
		};
/* End PBXTargetDependency section */

/* Begin PBXVariantGroup section */
		B23C1F0523FBBC1B00B7308A /* Main.storyboard */ = {
			isa = PBXVariantGroup;
			children = (
				B23C1F0623FBBC1B00B7308A /* Base */,
			);
			name = Main.storyboard;
			sourceTree = "<group>";
		};
		B23C1F0A23FBBC1C00B7308A /* LaunchScreen.storyboard */ = {
			isa = PBXVariantGroup;
			children = (
				B23C1F0B23FBBC1C00B7308A /* Base */,
			);
			name = LaunchScreen.storyboard;
			sourceTree = "<group>";
		};
/* End PBXVariantGroup section */

/* Begin XCBuildConfiguration section */
		B23C1F1923FBBC1C00B7308A /* Debug */ = {
			isa = XCBuildConfiguration;
			buildSettings = {
				ALWAYS_SEARCH_USER_PATHS = NO;
				CLANG_ANALYZER_NONNULL = YES;
				CLANG_ANALYZER_NUMBER_OBJECT_CONVERSION = YES_AGGRESSIVE;
				CLANG_CXX_LANGUAGE_STANDARD = "gnu++14";
				CLANG_CXX_LIBRARY = "libc++";
				CLANG_ENABLE_MODULES = YES;
				CLANG_ENABLE_OBJC_ARC = YES;
				CLANG_ENABLE_OBJC_WEAK = YES;
				CLANG_WARN_BLOCK_CAPTURE_AUTORELEASING = YES;
				CLANG_WARN_BOOL_CONVERSION = YES;
				CLANG_WARN_COMMA = YES;
				CLANG_WARN_CONSTANT_CONVERSION = YES;
				CLANG_WARN_DEPRECATED_OBJC_IMPLEMENTATIONS = YES;
				CLANG_WARN_DIRECT_OBJC_ISA_USAGE = YES_ERROR;
				CLANG_WARN_DOCUMENTATION_COMMENTS = YES;
				CLANG_WARN_EMPTY_BODY = YES;
				CLANG_WARN_ENUM_CONVERSION = YES;
				CLANG_WARN_INFINITE_RECURSION = YES;
				CLANG_WARN_INT_CONVERSION = YES;
				CLANG_WARN_NON_LITERAL_NULL_CONVERSION = YES;
				CLANG_WARN_OBJC_IMPLICIT_RETAIN_SELF = YES;
				CLANG_WARN_OBJC_LITERAL_CONVERSION = YES;
				CLANG_WARN_OBJC_ROOT_CLASS = YES_ERROR;
				CLANG_WARN_RANGE_LOOP_ANALYSIS = YES;
				CLANG_WARN_STRICT_PROTOTYPES = YES;
				CLANG_WARN_SUSPICIOUS_MOVE = YES;
				CLANG_WARN_UNGUARDED_AVAILABILITY = YES_AGGRESSIVE;
				CLANG_WARN_UNREACHABLE_CODE = YES;
				CLANG_WARN__DUPLICATE_METHOD_MATCH = YES;
				COPY_PHASE_STRIP = NO;
				DEBUG_INFORMATION_FORMAT = dwarf;
				ENABLE_STRICT_OBJC_MSGSEND = YES;
				ENABLE_TESTABILITY = YES;
				GCC_C_LANGUAGE_STANDARD = gnu11;
				GCC_DYNAMIC_NO_PIC = NO;
				GCC_NO_COMMON_BLOCKS = YES;
				GCC_OPTIMIZATION_LEVEL = 0;
				GCC_PREPROCESSOR_DEFINITIONS = (
					"DEBUG=1",
					"$(inherited)",
				);
				GCC_WARN_64_TO_32_BIT_CONVERSION = YES;
				GCC_WARN_ABOUT_RETURN_TYPE = YES_ERROR;
				GCC_WARN_UNDECLARED_SELECTOR = YES;
				GCC_WARN_UNINITIALIZED_AUTOS = YES_AGGRESSIVE;
				GCC_WARN_UNUSED_FUNCTION = YES;
				GCC_WARN_UNUSED_VARIABLE = YES;
				IPHONEOS_DEPLOYMENT_TARGET = 13.2;
				MTL_ENABLE_DEBUG_INFO = INCLUDE_SOURCE;
				MTL_FAST_MATH = YES;
				ONLY_ACTIVE_ARCH = YES;
				SDKROOT = iphoneos;
				SWIFT_ACTIVE_COMPILATION_CONDITIONS = DEBUG;
				SWIFT_OPTIMIZATION_LEVEL = "-Onone";
			};
			name = Debug;
		};
		B23C1F1A23FBBC1C00B7308A /* Release */ = {
			isa = XCBuildConfiguration;
			buildSettings = {
				ALWAYS_SEARCH_USER_PATHS = NO;
				CLANG_ANALYZER_NONNULL = YES;
				CLANG_ANALYZER_NUMBER_OBJECT_CONVERSION = YES_AGGRESSIVE;
				CLANG_CXX_LANGUAGE_STANDARD = "gnu++14";
				CLANG_CXX_LIBRARY = "libc++";
				CLANG_ENABLE_MODULES = YES;
				CLANG_ENABLE_OBJC_ARC = YES;
				CLANG_ENABLE_OBJC_WEAK = YES;
				CLANG_WARN_BLOCK_CAPTURE_AUTORELEASING = YES;
				CLANG_WARN_BOOL_CONVERSION = YES;
				CLANG_WARN_COMMA = YES;
				CLANG_WARN_CONSTANT_CONVERSION = YES;
				CLANG_WARN_DEPRECATED_OBJC_IMPLEMENTATIONS = YES;
				CLANG_WARN_DIRECT_OBJC_ISA_USAGE = YES_ERROR;
				CLANG_WARN_DOCUMENTATION_COMMENTS = YES;
				CLANG_WARN_EMPTY_BODY = YES;
				CLANG_WARN_ENUM_CONVERSION = YES;
				CLANG_WARN_INFINITE_RECURSION = YES;
				CLANG_WARN_INT_CONVERSION = YES;
				CLANG_WARN_NON_LITERAL_NULL_CONVERSION = YES;
				CLANG_WARN_OBJC_IMPLICIT_RETAIN_SELF = YES;
				CLANG_WARN_OBJC_LITERAL_CONVERSION = YES;
				CLANG_WARN_OBJC_ROOT_CLASS = YES_ERROR;
				CLANG_WARN_RANGE_LOOP_ANALYSIS = YES;
				CLANG_WARN_STRICT_PROTOTYPES = YES;
				CLANG_WARN_SUSPICIOUS_MOVE = YES;
				CLANG_WARN_UNGUARDED_AVAILABILITY = YES_AGGRESSIVE;
				CLANG_WARN_UNREACHABLE_CODE = YES;
				CLANG_WARN__DUPLICATE_METHOD_MATCH = YES;
				COPY_PHASE_STRIP = NO;
				DEBUG_INFORMATION_FORMAT = "dwarf-with-dsym";
				ENABLE_NS_ASSERTIONS = NO;
				ENABLE_STRICT_OBJC_MSGSEND = YES;
				GCC_C_LANGUAGE_STANDARD = gnu11;
				GCC_NO_COMMON_BLOCKS = YES;
				GCC_WARN_64_TO_32_BIT_CONVERSION = YES;
				GCC_WARN_ABOUT_RETURN_TYPE = YES_ERROR;
				GCC_WARN_UNDECLARED_SELECTOR = YES;
				GCC_WARN_UNINITIALIZED_AUTOS = YES_AGGRESSIVE;
				GCC_WARN_UNUSED_FUNCTION = YES;
				GCC_WARN_UNUSED_VARIABLE = YES;
				IPHONEOS_DEPLOYMENT_TARGET = 13.2;
				MTL_ENABLE_DEBUG_INFO = NO;
				MTL_FAST_MATH = YES;
				SDKROOT = iphoneos;
				SWIFT_COMPILATION_MODE = wholemodule;
				SWIFT_OPTIMIZATION_LEVEL = "-O";
				VALIDATE_PRODUCT = YES;
			};
			name = Release;
		};
		B23C1F1C23FBBC1C00B7308A /* Debug */ = {
			isa = XCBuildConfiguration;
			baseConfigurationReference = 73740C9CAEA496D6A779C2A5 /* Pods-Skins.debug.xcconfig */;
			buildSettings = {
				ASSETCATALOG_COMPILER_APPICON_NAME = AppIcon;
				CODE_SIGN_STYLE = Automatic;
				DEVELOPMENT_TEAM = X2RHS589XN;
				INFOPLIST_FILE = Skins/Info.plist;
				IPHONEOS_DEPLOYMENT_TARGET = 13.2;
				LD_RUNPATH_SEARCH_PATHS = (
					"$(inherited)",
					"@executable_path/Frameworks",
				);
				PRODUCT_BUNDLE_IDENTIFIER = com.lkember.Skins;
				PRODUCT_NAME = "$(TARGET_NAME)";
				SWIFT_VERSION = 5.0;
				TARGETED_DEVICE_FAMILY = "1,2";
			};
			name = Debug;
		};
		B23C1F1D23FBBC1C00B7308A /* Release */ = {
			isa = XCBuildConfiguration;
			baseConfigurationReference = D6B736F27A8DE710FD145AC2 /* Pods-Skins.release.xcconfig */;
			buildSettings = {
				ASSETCATALOG_COMPILER_APPICON_NAME = AppIcon;
				CODE_SIGN_STYLE = Automatic;
				DEVELOPMENT_TEAM = X2RHS589XN;
				INFOPLIST_FILE = Skins/Info.plist;
				IPHONEOS_DEPLOYMENT_TARGET = 13.2;
				LD_RUNPATH_SEARCH_PATHS = (
					"$(inherited)",
					"@executable_path/Frameworks",
				);
				PRODUCT_BUNDLE_IDENTIFIER = com.lkember.Skins;
				PRODUCT_NAME = "$(TARGET_NAME)";
				SWIFT_VERSION = 5.0;
				TARGETED_DEVICE_FAMILY = "1,2";
			};
			name = Release;
		};
		B23C1F1F23FBBC1C00B7308A /* Debug */ = {
			isa = XCBuildConfiguration;
			baseConfigurationReference = 1180B046BDA6BEA5A5C1991A /* Pods-SkinsTests.debug.xcconfig */;
			buildSettings = {
				ALWAYS_EMBED_SWIFT_STANDARD_LIBRARIES = YES;
				BUNDLE_LOADER = "$(TEST_HOST)";
				CODE_SIGN_STYLE = Automatic;
				DEVELOPMENT_TEAM = X2RHS589XN;
				INFOPLIST_FILE = SkinsTests/Info.plist;
				IPHONEOS_DEPLOYMENT_TARGET = 13.2;
				LD_RUNPATH_SEARCH_PATHS = (
					"$(inherited)",
					"@executable_path/Frameworks",
					"@loader_path/Frameworks",
				);
				PRODUCT_BUNDLE_IDENTIFIER = com.lkember.SkinsTests;
				PRODUCT_NAME = "$(TARGET_NAME)";
				SWIFT_VERSION = 5.0;
				TARGETED_DEVICE_FAMILY = "1,2";
				TEST_HOST = "$(BUILT_PRODUCTS_DIR)/Skins.app/Skins";
			};
			name = Debug;
		};
		B23C1F2023FBBC1C00B7308A /* Release */ = {
			isa = XCBuildConfiguration;
			baseConfigurationReference = F3DBC2310428533357E25409 /* Pods-SkinsTests.release.xcconfig */;
			buildSettings = {
				ALWAYS_EMBED_SWIFT_STANDARD_LIBRARIES = YES;
				BUNDLE_LOADER = "$(TEST_HOST)";
				CODE_SIGN_STYLE = Automatic;
				DEVELOPMENT_TEAM = X2RHS589XN;
				INFOPLIST_FILE = SkinsTests/Info.plist;
				IPHONEOS_DEPLOYMENT_TARGET = 13.2;
				LD_RUNPATH_SEARCH_PATHS = (
					"$(inherited)",
					"@executable_path/Frameworks",
					"@loader_path/Frameworks",
				);
				PRODUCT_BUNDLE_IDENTIFIER = com.lkember.SkinsTests;
				PRODUCT_NAME = "$(TARGET_NAME)";
				SWIFT_VERSION = 5.0;
				TARGETED_DEVICE_FAMILY = "1,2";
				TEST_HOST = "$(BUILT_PRODUCTS_DIR)/Skins.app/Skins";
			};
			name = Release;
		};
/* End XCBuildConfiguration section */

/* Begin XCConfigurationList section */
		B23C1EF723FBBC1B00B7308A /* Build configuration list for PBXProject "Skins" */ = {
			isa = XCConfigurationList;
			buildConfigurations = (
				B23C1F1923FBBC1C00B7308A /* Debug */,
				B23C1F1A23FBBC1C00B7308A /* Release */,
			);
			defaultConfigurationIsVisible = 0;
			defaultConfigurationName = Release;
		};
		B23C1F1B23FBBC1C00B7308A /* Build configuration list for PBXNativeTarget "Skins" */ = {
			isa = XCConfigurationList;
			buildConfigurations = (
				B23C1F1C23FBBC1C00B7308A /* Debug */,
				B23C1F1D23FBBC1C00B7308A /* Release */,
			);
			defaultConfigurationIsVisible = 0;
			defaultConfigurationName = Release;
		};
		B23C1F1E23FBBC1C00B7308A /* Build configuration list for PBXNativeTarget "SkinsTests" */ = {
			isa = XCConfigurationList;
			buildConfigurations = (
				B23C1F1F23FBBC1C00B7308A /* Debug */,
				B23C1F2023FBBC1C00B7308A /* Release */,
			);
			defaultConfigurationIsVisible = 0;
			defaultConfigurationName = Release;
		};
/* End XCConfigurationList section */
	};
	rootObject = B23C1EF423FBBC1B00B7308A /* Project object */;
}
